
Microsoft Visual Studio Solution File, Format Version 12.00
# Visual Studio Version 17
VisualStudioVersion = 17.0.32112.339
MinimumVisualStudioVersion = 10.0.40219.1
Project("{9A19103F-16F7-4668-BE54-9A1E7A4F7556}") = "API", "API\API.csproj", "{7CE42A05-72C1-4F7A-903D-DAC9094C744C}"
EndProject
Project("{9A19103F-16F7-4668-BE54-9A1E7A4F7556}") = "BE.API", "BE.API\BE.API.csproj", "{B3159E20-F0B0-4C8B-B002-4BB266D09939}"
EndProject
Project("{9A19103F-16F7-4668-BE54-9A1E7A4F7556}") = "BE.BS", "BE.BS\BE.BS.csproj", "{F5B361E8-1FFA-41F7-85C4-9095867D33B3}"
EndProject
Project("{9A19103F-16F7-4668-BE54-9A1E7A4F7556}") = "BE.DAL", "BE.DAL\BE.DAL.csproj", "{89C31B56-E64C-43BB-B41E-F61B8667EA8C}"
EndProject
Project("{9A19103F-16F7-4668-BE54-9A1E7A4F7556}") = "BE.DAL.DO", "BE.DAL.DO\BE.DAL.DO.csproj", "{F6980B85-487F-4F53-8738-403FB3CE5314}"
EndProject
Project("{9A19103F-16F7-4668-BE54-9A1E7A4F7556}") = "BE.DAL.EF", "BE.DAL.EF\BE.DAL.EF.csproj", "{18B3ECD7-9A9C-4CAF-92A8-A4CAE2F19000}"
EndProject
Project("{9A19103F-16F7-4668-BE54-9A1E7A4F7556}") = "BE.DAL.Repository", "BE.DAL.Repository\BE.DAL.Repository.csproj", "{50509E10-4F13-40AC-A4EF-D06B69D71C82}"
EndProject
Project("{FAE04EC0-301F-11D3-BF4B-00C04F79EFBC}") = "FE.W", "FE.W\FE.W.csproj", "{22D58461-0C9B-4DE3-99FB-0F4CAEBC0920}"
EndProject
Project("{FAE04EC0-301F-11D3-BF4B-00C04F79EFBC}") = "FE", "FE\FE.csproj", "{E8859547-5CE3-4F96-A409-7081133530F6}"
EndProject
Global
	GlobalSection(SolutionConfigurationPlatforms) = preSolution
		Debug|Any CPU = Debug|Any CPU
		Release|Any CPU = Release|Any CPU
	EndGlobalSection
	GlobalSection(ProjectConfigurationPlatforms) = postSolution
		{7CE42A05-72C1-4F7A-903D-DAC9094C744C}.Debug|Any CPU.ActiveCfg = Debug|Any CPU
		{7CE42A05-72C1-4F7A-903D-DAC9094C744C}.Debug|Any CPU.Build.0 = Debug|Any CPU
		{7CE42A05-72C1-4F7A-903D-DAC9094C744C}.Release|Any CPU.ActiveCfg = Release|Any CPU
		{7CE42A05-72C1-4F7A-903D-DAC9094C744C}.Release|Any CPU.Build.0 = Release|Any CPU
		{B3159E20-F0B0-4C8B-B002-4BB266D09939}.Debug|Any CPU.ActiveCfg = Debug|Any CPU
		{B3159E20-F0B0-4C8B-B002-4BB266D09939}.Debug|Any CPU.Build.0 = Debug|Any CPU
		{B3159E20-F0B0-4C8B-B002-4BB266D09939}.Release|Any CPU.ActiveCfg = Release|Any CPU
		{B3159E20-F0B0-4C8B-B002-4BB266D09939}.Release|Any CPU.Build.0 = Release|Any CPU
		{F5B361E8-1FFA-41F7-85C4-9095867D33B3}.Debug|Any CPU.ActiveCfg = Debug|Any CPU
		{F5B361E8-1FFA-41F7-85C4-9095867D33B3}.Debug|Any CPU.Build.0 = Debug|Any CPU
		{F5B361E8-1FFA-41F7-85C4-9095867D33B3}.Release|Any CPU.ActiveCfg = Release|Any CPU
		{F5B361E8-1FFA-41F7-85C4-9095867D33B3}.Release|Any CPU.Build.0 = Release|Any CPU
		{89C31B56-E64C-43BB-B41E-F61B8667EA8C}.Debug|Any CPU.ActiveCfg = Debug|Any CPU
		{89C31B56-E64C-43BB-B41E-F61B8667EA8C}.Debug|Any CPU.Build.0 = Debug|Any CPU
		{89C31B56-E64C-43BB-B41E-F61B8667EA8C}.Release|Any CPU.ActiveCfg = Release|Any CPU
		{89C31B56-E64C-43BB-B41E-F61B8667EA8C}.Release|Any CPU.Build.0 = Release|Any CPU
		{F6980B85-487F-4F53-8738-403FB3CE5314}.Debug|Any CPU.ActiveCfg = Debug|Any CPU
		{F6980B85-487F-4F53-8738-403FB3CE5314}.Debug|Any CPU.Build.0 = Debug|Any CPU
		{F6980B85-487F-4F53-8738-403FB3CE5314}.Release|Any CPU.ActiveCfg = Release|Any CPU
		{F6980B85-487F-4F53-8738-403FB3CE5314}.Release|Any CPU.Build.0 = Release|Any CPU
		{18B3ECD7-9A9C-4CAF-92A8-A4CAE2F19000}.Debug|Any CPU.ActiveCfg = Debug|Any CPU
		{18B3ECD7-9A9C-4CAF-92A8-A4CAE2F19000}.Debug|Any CPU.Build.0 = Debug|Any CPU
		{18B3ECD7-9A9C-4CAF-92A8-A4CAE2F19000}.Release|Any CPU.ActiveCfg = Release|Any CPU
		{18B3ECD7-9A9C-4CAF-92A8-A4CAE2F19000}.Release|Any CPU.Build.0 = Release|Any CPU
		{50509E10-4F13-40AC-A4EF-D06B69D71C82}.Debug|Any CPU.ActiveCfg = Debug|Any CPU
		{50509E10-4F13-40AC-A4EF-D06B69D71C82}.Debug|Any CPU.Build.0 = Debug|Any CPU
		{50509E10-4F13-40AC-A4EF-D06B69D71C82}.Release|Any CPU.ActiveCfg = Release|Any CPU
		{50509E10-4F13-40AC-A4EF-D06B69D71C82}.Release|Any CPU.Build.0 = Release|Any CPU
		{22D58461-0C9B-4DE3-99FB-0F4CAEBC0920}.Debug|Any CPU.ActiveCfg = Debug|Any CPU
		{22D58461-0C9B-4DE3-99FB-0F4CAEBC0920}.Debug|Any CPU.Build.0 = Debug|Any CPU
		{22D58461-0C9B-4DE3-99FB-0F4CAEBC0920}.Release|Any CPU.ActiveCfg = Release|Any CPU
		{22D58461-0C9B-4DE3-99FB-0F4CAEBC0920}.Release|Any CPU.Build.0 = Release|Any CPU
		{E8859547-5CE3-4F96-A409-7081133530F6}.Debug|Any CPU.ActiveCfg = Debug|Any CPU
		{E8859547-5CE3-4F96-A409-7081133530F6}.Debug|Any CPU.Build.0 = Debug|Any CPU
		{E8859547-5CE3-4F96-A409-7081133530F6}.Release|Any CPU.ActiveCfg = Release|Any CPU
		{E8859547-5CE3-4F96-A409-7081133530F6}.Release|Any CPU.Build.0 = Release|Any CPU
	EndGlobalSection
	GlobalSection(SolutionProperties) = preSolution
		HideSolutionNode = FALSE
	EndGlobalSection
	GlobalSection(ExtensibilityGlobals) = postSolution
		SolutionGuid = {9248C765-FA98-4A98-8A25-166E047E0787}
	EndGlobalSection
EndGlobal
