
Microsoft Visual Studio Solution File, Format Version 12.00
# Visual Studio Version 16
VisualStudioVersion = 16.0.32407.337
MinimumVisualStudioVersion = 10.0.40219.1
Project("{FAE04EC0-301F-11D3-BF4B-00C04F79EFBC}") = "API", "API\API.csproj", "{19DD0B3D-CD69-4F3A-BACB-B4C61EDE0C6F}"
EndProject
Project("{FAE04EC0-301F-11D3-BF4B-00C04F79EFBC}") = "BE.API", "BE.API\BE.API.csproj", "{5AF7AFFF-7DB8-485D-8F5A-F3FBC255BE96}"
EndProject
Project("{FAE04EC0-301F-11D3-BF4B-00C04F79EFBC}") = "BE.BS", "BE.BS\BE.BS.csproj", "{6B94F0C7-7EBC-4F79-9CAE-3E20B70D1FDB}"
EndProject
Project("{FAE04EC0-301F-11D3-BF4B-00C04F79EFBC}") = "BE.DAL", "BE.DAL\BE.DAL.csproj", "{473190C6-51B9-4D4E-94DB-8877E80A2C08}"
EndProject
Project("{FAE04EC0-301F-11D3-BF4B-00C04F79EFBC}") = "BE.DAL.DO", "BE.DAL.DO\BE.DAL.DO.csproj", "{790EEEFC-ABDC-4C65-88F2-E46875226D30}"
EndProject
Project("{FAE04EC0-301F-11D3-BF4B-00C04F79EFBC}") = "BE.DAL.EF", "DE.DAL.EF\BE.DAL.EF.csproj", "{8E9B584C-345C-4ACA-A753-F650721058FF}"
EndProject
Project("{FAE04EC0-301F-11D3-BF4B-00C04F79EFBC}") = "BE.DAL.Repository", "BE.DAL.Repository\BE.DAL.Repository.csproj", "{3FB854E4-32B8-4953-A851-71F1AAAA3720}"
EndProject
Global
	GlobalSection(SolutionConfigurationPlatforms) = preSolution
		Debug|Any CPU = Debug|Any CPU
		Release|Any CPU = Release|Any CPU
	EndGlobalSection
	GlobalSection(ProjectConfigurationPlatforms) = postSolution
		{19DD0B3D-CD69-4F3A-BACB-B4C61EDE0C6F}.Debug|Any CPU.ActiveCfg = Debug|Any CPU
		{19DD0B3D-CD69-4F3A-BACB-B4C61EDE0C6F}.Debug|Any CPU.Build.0 = Debug|Any CPU
		{19DD0B3D-CD69-4F3A-BACB-B4C61EDE0C6F}.Release|Any CPU.ActiveCfg = Release|Any CPU
		{19DD0B3D-CD69-4F3A-BACB-B4C61EDE0C6F}.Release|Any CPU.Build.0 = Release|Any CPU
		{5AF7AFFF-7DB8-485D-8F5A-F3FBC255BE96}.Debug|Any CPU.ActiveCfg = Debug|Any CPU
		{5AF7AFFF-7DB8-485D-8F5A-F3FBC255BE96}.Debug|Any CPU.Build.0 = Debug|Any CPU
		{5AF7AFFF-7DB8-485D-8F5A-F3FBC255BE96}.Release|Any CPU.ActiveCfg = Release|Any CPU
		{5AF7AFFF-7DB8-485D-8F5A-F3FBC255BE96}.Release|Any CPU.Build.0 = Release|Any CPU
		{6B94F0C7-7EBC-4F79-9CAE-3E20B70D1FDB}.Debug|Any CPU.ActiveCfg = Debug|Any CPU
		{6B94F0C7-7EBC-4F79-9CAE-3E20B70D1FDB}.Debug|Any CPU.Build.0 = Debug|Any CPU
		{6B94F0C7-7EBC-4F79-9CAE-3E20B70D1FDB}.Release|Any CPU.ActiveCfg = Release|Any CPU
		{6B94F0C7-7EBC-4F79-9CAE-3E20B70D1FDB}.Release|Any CPU.Build.0 = Release|Any CPU
		{473190C6-51B9-4D4E-94DB-8877E80A2C08}.Debug|Any CPU.ActiveCfg = Debug|Any CPU
		{473190C6-51B9-4D4E-94DB-8877E80A2C08}.Debug|Any CPU.Build.0 = Debug|Any CPU
		{473190C6-51B9-4D4E-94DB-8877E80A2C08}.Release|Any CPU.ActiveCfg = Release|Any CPU
		{473190C6-51B9-4D4E-94DB-8877E80A2C08}.Release|Any CPU.Build.0 = Release|Any CPU
		{790EEEFC-ABDC-4C65-88F2-E46875226D30}.Debug|Any CPU.ActiveCfg = Debug|Any CPU
		{790EEEFC-ABDC-4C65-88F2-E46875226D30}.Debug|Any CPU.Build.0 = Debug|Any CPU
		{790EEEFC-ABDC-4C65-88F2-E46875226D30}.Release|Any CPU.ActiveCfg = Release|Any CPU
		{790EEEFC-ABDC-4C65-88F2-E46875226D30}.Release|Any CPU.Build.0 = Release|Any CPU
		{8E9B584C-345C-4ACA-A753-F650721058FF}.Debug|Any CPU.ActiveCfg = Debug|Any CPU
		{8E9B584C-345C-4ACA-A753-F650721058FF}.Debug|Any CPU.Build.0 = Debug|Any CPU
		{8E9B584C-345C-4ACA-A753-F650721058FF}.Release|Any CPU.ActiveCfg = Release|Any CPU
		{8E9B584C-345C-4ACA-A753-F650721058FF}.Release|Any CPU.Build.0 = Release|Any CPU
		{3FB854E4-32B8-4953-A851-71F1AAAA3720}.Debug|Any CPU.ActiveCfg = Debug|Any CPU
		{3FB854E4-32B8-4953-A851-71F1AAAA3720}.Debug|Any CPU.Build.0 = Debug|Any CPU
		{3FB854E4-32B8-4953-A851-71F1AAAA3720}.Release|Any CPU.ActiveCfg = Release|Any CPU
		{3FB854E4-32B8-4953-A851-71F1AAAA3720}.Release|Any CPU.Build.0 = Release|Any CPU
	EndGlobalSection
	GlobalSection(SolutionProperties) = preSolution
		HideSolutionNode = FALSE
	EndGlobalSection
	GlobalSection(ExtensibilityGlobals) = postSolution
		SolutionGuid = {64CE8150-4CEC-4BD5-8D13-CEEEA0F0BB98}
	EndGlobalSection
EndGlobal
